// !$*UTF8*$!
{
	archiveVersion = 1;
	classes = {
	};
	objectVersion = 56;
	objects = {

/* Begin PBXBuildFile section */
		D258B4FE2BE5922A00573582 /* AppDelegate.swift in Sources */ = {isa = PBXBuildFile; fileRef = D258B4FD2BE5922A00573582 /* AppDelegate.swift */; };
		D258B5002BE5922A00573582 /* SceneDelegate.swift in Sources */ = {isa = PBXBuildFile; fileRef = D258B4FF2BE5922A00573582 /* SceneDelegate.swift */; };
		D258B5022BE5922A00573582 /* ViewController.swift in Sources */ = {isa = PBXBuildFile; fileRef = D258B5012BE5922A00573582 /* ViewController.swift */; };
		D258B5052BE5922A00573582 /* Main.storyboard in Resources */ = {isa = PBXBuildFile; fileRef = D258B5032BE5922A00573582 /* Main.storyboard */; };
		D258B5072BE5922A00573582 /* Assets.xcassets in Resources */ = {isa = PBXBuildFile; fileRef = D258B5062BE5922A00573582 /* Assets.xcassets */; };
		D258B50A2BE5922A00573582 /* LaunchScreen.storyboard in Resources */ = {isa = PBXBuildFile; fileRef = D258B5082BE5922A00573582 /* LaunchScreen.storyboard */; };
		D258B5152BE5922A00573582 /* TicTacToeTests.swift in Sources */ = {isa = PBXBuildFile; fileRef = D258B5142BE5922A00573582 /* TicTacToeTests.swift */; };
		D258B51F2BE5922A00573582 /* TicTacToeUITests.swift in Sources */ = {isa = PBXBuildFile; fileRef = D258B51E2BE5922A00573582 /* TicTacToeUITests.swift */; };
		D258B5212BE5922A00573582 /* TicTacToeUITestsLaunchTests.swift in Sources */ = {isa = PBXBuildFile; fileRef = D258B5202BE5922A00573582 /* TicTacToeUITestsLaunchTests.swift */; };
		D29B1D672BE8663F00328F9B /* pop_sound.mp3 in Resources */ = {isa = PBXBuildFile; fileRef = D29B1D662BE8663F00328F9B /* pop_sound.mp3 */; };
		D29B1D692BE8674E00328F9B /* backgroundSong.mp3 in Resources */ = {isa = PBXBuildFile; fileRef = D29B1D682BE8674E00328F9B /* backgroundSong.mp3 */; };
/* End PBXBuildFile section */

/* Begin PBXContainerItemProxy section */
		D258B5112BE5922A00573582 /* PBXContainerItemProxy */ = {
			isa = PBXContainerItemProxy;
			containerPortal = D258B4F22BE5922A00573582 /* Project object */;
			proxyType = 1;
			remoteGlobalIDString = D258B4F92BE5922A00573582;
			remoteInfo = TicTacToe;
		};
		D258B51B2BE5922A00573582 /* PBXContainerItemProxy */ = {
			isa = PBXContainerItemProxy;
			containerPortal = D258B4F22BE5922A00573582 /* Project object */;
			proxyType = 1;
			remoteGlobalIDString = D258B4F92BE5922A00573582;
			remoteInfo = TicTacToe;
		};
/* End PBXContainerItemProxy section */

/* Begin PBXFileReference section */
		D258B4FA2BE5922A00573582 /* TicTacToe.app */ = {isa = PBXFileReference; explicitFileType = wrapper.application; includeInIndex = 0; path = TicTacToe.app; sourceTree = BUILT_PRODUCTS_DIR; };
		D258B4FD2BE5922A00573582 /* AppDelegate.swift */ = {isa = PBXFileReference; lastKnownFileType = sourcecode.swift; path = AppDelegate.swift; sourceTree = "<group>"; };
		D258B4FF2BE5922A00573582 /* SceneDelegate.swift */ = {isa = PBXFileReference; lastKnownFileType = sourcecode.swift; path = SceneDelegate.swift; sourceTree = "<group>"; };
		D258B5012BE5922A00573582 /* ViewController.swift */ = {isa = PBXFileReference; lastKnownFileType = sourcecode.swift; path = ViewController.swift; sourceTree = "<group>"; };
		D258B5042BE5922A00573582 /* Base */ = {isa = PBXFileReference; lastKnownFileType = file.storyboard; name = Base; path = Base.lproj/Main.storyboard; sourceTree = "<group>"; };
		D258B5062BE5922A00573582 /* Assets.xcassets */ = {isa = PBXFileReference; lastKnownFileType = folder.assetcatalog; path = Assets.xcassets; sourceTree = "<group>"; };
		D258B5092BE5922A00573582 /* Base */ = {isa = PBXFileReference; lastKnownFileType = file.storyboard; name = Base; path = Base.lproj/LaunchScreen.storyboard; sourceTree = "<group>"; };
		D258B50B2BE5922A00573582 /* Info.plist */ = {isa = PBXFileReference; lastKnownFileType = text.plist.xml; path = Info.plist; sourceTree = "<group>"; };
		D258B5102BE5922A00573582 /* TicTacToeTests.xctest */ = {isa = PBXFileReference; explicitFileType = wrapper.cfbundle; includeInIndex = 0; path = TicTacToeTests.xctest; sourceTree = BUILT_PRODUCTS_DIR; };
		D258B5142BE5922A00573582 /* TicTacToeTests.swift */ = {isa = PBXFileReference; lastKnownFileType = sourcecode.swift; path = TicTacToeTests.swift; sourceTree = "<group>"; };
		D258B51A2BE5922A00573582 /* TicTacToeUITests.xctest */ = {isa = PBXFileReference; explicitFileType = wrapper.cfbundle; includeInIndex = 0; path = TicTacToeUITests.xctest; sourceTree = BUILT_PRODUCTS_DIR; };
		D258B51E2BE5922A00573582 /* TicTacToeUITests.swift */ = {isa = PBXFileReference; lastKnownFileType = sourcecode.swift; path = TicTacToeUITests.swift; sourceTree = "<group>"; };
		D258B5202BE5922A00573582 /* TicTacToeUITestsLaunchTests.swift */ = {isa = PBXFileReference; lastKnownFileType = sourcecode.swift; path = TicTacToeUITestsLaunchTests.swift; sourceTree = "<group>"; };
		D29B1D662BE8663F00328F9B /* pop_sound.mp3 */ = {isa = PBXFileReference; lastKnownFileType = audio.mp3; name = pop_sound.mp3; path = ../../pop_sound.mp3; sourceTree = "<group>"; };
		D29B1D682BE8674E00328F9B /* backgroundSong.mp3 */ = {isa = PBXFileReference; lastKnownFileType = audio.mp3; name = backgroundSong.mp3; path = ../../backgroundSong.mp3; sourceTree = "<group>"; };
/* End PBXFileReference section */

/* Begin PBXFrameworksBuildPhase section */
		D258B4F72BE5922A00573582 /* Frameworks */ = {
			isa = PBXFrameworksBuildPhase;
			buildActionMask = 2147483647;
			files = (
			);
			runOnlyForDeploymentPostprocessing = 0;
		};
		D258B50D2BE5922A00573582 /* Frameworks */ = {
			isa = PBXFrameworksBuildPhase;
			buildActionMask = 2147483647;
			files = (
			);
			runOnlyForDeploymentPostprocessing = 0;
		};
		D258B5172BE5922A00573582 /* Frameworks */ = {
			isa = PBXFrameworksBuildPhase;
			buildActionMask = 2147483647;
			files = (
			);
			runOnlyForDeploymentPostprocessing = 0;
		};
/* End PBXFrameworksBuildPhase section */

/* Begin PBXGroup section */
		D258B4F12BE5922A00573582 = {
			isa = PBXGroup;
			children = (
				D258B4FC2BE5922A00573582 /* TicTacToe */,
				D258B5132BE5922A00573582 /* TicTacToeTests */,
				D258B51D2BE5922A00573582 /* TicTacToeUITests */,
				D258B4FB2BE5922A00573582 /* Products */,
			);
			sourceTree = "<group>";
		};
		D258B4FB2BE5922A00573582 /* Products */ = {
			isa = PBXGroup;
			children = (
				D258B4FA2BE5922A00573582 /* TicTacToe.app */,
				D258B5102BE5922A00573582 /* TicTacToeTests.xctest */,
				D258B51A2BE5922A00573582 /* TicTacToeUITests.xctest */,
			);
			name = Products;
			sourceTree = "<group>";
		};
		D258B4FC2BE5922A00573582 /* TicTacToe */ = {
			isa = PBXGroup;
			children = (
				D258B4FD2BE5922A00573582 /* AppDelegate.swift */,
				D258B4FF2BE5922A00573582 /* SceneDelegate.swift */,
				D258B5012BE5922A00573582 /* ViewController.swift */,
				D258B5032BE5922A00573582 /* Main.storyboard */,
				D258B5062BE5922A00573582 /* Assets.xcassets */,
				D29B1D682BE8674E00328F9B /* backgroundSong.mp3 */,
				D29B1D662BE8663F00328F9B /* pop_sound.mp3 */,
				D258B5082BE5922A00573582 /* LaunchScreen.storyboard */,
				D258B50B2BE5922A00573582 /* Info.plist */,
			);
			path = TicTacToe;
			sourceTree = "<group>";
		};
		D258B5132BE5922A00573582 /* TicTacToeTests */ = {
			isa = PBXGroup;
			children = (
				D258B5142BE5922A00573582 /* TicTacToeTests.swift */,
			);
			path = TicTacToeTests;
			sourceTree = "<group>";
		};
		D258B51D2BE5922A00573582 /* TicTacToeUITests */ = {
			isa = PBXGroup;
			children = (
				D258B51E2BE5922A00573582 /* TicTacToeUITests.swift */,
				D258B5202BE5922A00573582 /* TicTacToeUITestsLaunchTests.swift */,
			);
			path = TicTacToeUITests;
			sourceTree = "<group>";
		};
/* End PBXGroup section */

/* Begin PBXNativeTarget section */
		D258B4F92BE5922A00573582 /* TicTacToe */ = {
			isa = PBXNativeTarget;
			buildConfigurationList = D258B5242BE5922A00573582 /* Build configuration list for PBXNativeTarget "TicTacToe" */;
			buildPhases = (
				D258B4F62BE5922A00573582 /* Sources */,
				D258B4F72BE5922A00573582 /* Frameworks */,
				D258B4F82BE5922A00573582 /* Resources */,
			);
			buildRules = (
			);
			dependencies = (
			);
			name = TicTacToe;
			productName = TicTacToe;
			productReference = D258B4FA2BE5922A00573582 /* TicTacToe.app */;
			productType = "com.apple.product-type.application";
		};
		D258B50F2BE5922A00573582 /* TicTacToeTests */ = {
			isa = PBXNativeTarget;
			buildConfigurationList = D258B5272BE5922A00573582 /* Build configuration list for PBXNativeTarget "TicTacToeTests" */;
			buildPhases = (
				D258B50C2BE5922A00573582 /* Sources */,
				D258B50D2BE5922A00573582 /* Frameworks */,
				D258B50E2BE5922A00573582 /* Resources */,
			);
			buildRules = (
			);
			dependencies = (
				D258B5122BE5922A00573582 /* PBXTargetDependency */,
			);
			name = TicTacToeTests;
			productName = TicTacToeTests;
			productReference = D258B5102BE5922A00573582 /* TicTacToeTests.xctest */;
			productType = "com.apple.product-type.bundle.unit-test";
		};
		D258B5192BE5922A00573582 /* TicTacToeUITests */ = {
			isa = PBXNativeTarget;
			buildConfigurationList = D258B52A2BE5922A00573582 /* Build configuration list for PBXNativeTarget "TicTacToeUITests" */;
			buildPhases = (
				D258B5162BE5922A00573582 /* Sources */,
				D258B5172BE5922A00573582 /* Frameworks */,
				D258B5182BE5922A00573582 /* Resources */,
			);
			buildRules = (
			);
			dependencies = (
				D258B51C2BE5922A00573582 /* PBXTargetDependency */,
			);
			name = TicTacToeUITests;
			productName = TicTacToeUITests;
			productReference = D258B51A2BE5922A00573582 /* TicTacToeUITests.xctest */;
			productType = "com.apple.product-type.bundle.ui-testing";
		};
/* End PBXNativeTarget section */

/* Begin PBXProject section */
		D258B4F22BE5922A00573582 /* Project object */ = {
			isa = PBXProject;
			attributes = {
				BuildIndependentTargetsInParallel = 1;
				LastSwiftUpdateCheck = 1420;
				LastUpgradeCheck = 1420;
				TargetAttributes = {
					D258B4F92BE5922A00573582 = {
						CreatedOnToolsVersion = 14.2;
					};
					D258B50F2BE5922A00573582 = {
						CreatedOnToolsVersion = 14.2;
						TestTargetID = D258B4F92BE5922A00573582;
					};
					D258B5192BE5922A00573582 = {
						CreatedOnToolsVersion = 14.2;
						TestTargetID = D258B4F92BE5922A00573582;
					};
				};
			};
			buildConfigurationList = D258B4F52BE5922A00573582 /* Build configuration list for PBXProject "TicTacToe" */;
			compatibilityVersion = "Xcode 14.0";
			developmentRegion = en;
			hasScannedForEncodings = 0;
			knownRegions = (
				en,
				Base,
			);
			mainGroup = D258B4F12BE5922A00573582;
			productRefGroup = D258B4FB2BE5922A00573582 /* Products */;
			projectDirPath = "";
			projectRoot = "";
			targets = (
				D258B4F92BE5922A00573582 /* TicTacToe */,
				D258B50F2BE5922A00573582 /* TicTacToeTests */,
				D258B5192BE5922A00573582 /* TicTacToeUITests */,
			);
		};
/* End PBXProject section */

/* Begin PBXResourcesBuildPhase section */
		D258B4F82BE5922A00573582 /* Resources */ = {
			isa = PBXResourcesBuildPhase;
			buildActionMask = 2147483647;
			files = (
				D258B50A2BE5922A00573582 /* LaunchScreen.storyboard in Resources */,
				D258B5072BE5922A00573582 /* Assets.xcassets in Resources */,
				D29B1D672BE8663F00328F9B /* pop_sound.mp3 in Resources */,
				D258B5052BE5922A00573582 /* Main.storyboard in Resources */,
				D29B1D692BE8674E00328F9B /* backgroundSong.mp3 in Resources */,
			);
			runOnlyForDeploymentPostprocessing = 0;
		};
		D258B50E2BE5922A00573582 /* Resources */ = {
			isa = PBXResourcesBuildPhase;
			buildActionMask = 2147483647;
			files = (
			);
			runOnlyForDeploymentPostprocessing = 0;
		};
		D258B5182BE5922A00573582 /* Resources */ = {
			isa = PBXResourcesBuildPhase;
			buildActionMask = 2147483647;
			files = (
			);
			runOnlyForDeploymentPostprocessing = 0;
		};
/* End PBXResourcesBuildPhase section */

/* Begin PBXSourcesBuildPhase section */
		D258B4F62BE5922A00573582 /* Sources */ = {
			isa = PBXSourcesBuildPhase;
			buildActionMask = 2147483647;
			files = (
				D258B5022BE5922A00573582 /* ViewController.swift in Sources */,
				D258B4FE2BE5922A00573582 /* AppDelegate.swift in Sources */,
				D258B5002BE5922A00573582 /* SceneDelegate.swift in Sources */,
			);
			runOnlyForDeploymentPostprocessing = 0;
		};
		D258B50C2BE5922A00573582 /* Sources */ = {
			isa = PBXSourcesBuildPhase;
			buildActionMask = 2147483647;
			files = (
				D258B5152BE5922A00573582 /* TicTacToeTests.swift in Sources */,
			);
			runOnlyForDeploymentPostprocessing = 0;
		};
		D258B5162BE5922A00573582 /* Sources */ = {
			isa = PBXSourcesBuildPhase;
			buildActionMask = 2147483647;
			files = (
				D258B51F2BE5922A00573582 /* TicTacToeUITests.swift in Sources */,
				D258B5212BE5922A00573582 /* TicTacToeUITestsLaunchTests.swift in Sources */,
			);
			runOnlyForDeploymentPostprocessing = 0;
		};
/* End PBXSourcesBuildPhase section */

/* Begin PBXTargetDependency section */
		D258B5122BE5922A00573582 /* PBXTargetDependency */ = {
			isa = PBXTargetDependency;
			target = D258B4F92BE5922A00573582 /* TicTacToe */;
			targetProxy = D258B5112BE5922A00573582 /* PBXContainerItemProxy */;
		};
		D258B51C2BE5922A00573582 /* PBXTargetDependency */ = {
			isa = PBXTargetDependency;
			target = D258B4F92BE5922A00573582 /* TicTacToe */;
			targetProxy = D258B51B2BE5922A00573582 /* PBXContainerItemProxy */;
		};
/* End PBXTargetDependency section */

/* Begin PBXVariantGroup section */
		D258B5032BE5922A00573582 /* Main.storyboard */ = {
			isa = PBXVariantGroup;
			children = (
				D258B5042BE5922A00573582 /* Base */,
			);
			name = Main.storyboard;
			sourceTree = "<group>";
		};
		D258B5082BE5922A00573582 /* LaunchScreen.storyboard */ = {
			isa = PBXVariantGroup;
			children = (
				D258B5092BE5922A00573582 /* Base */,
			);
			name = LaunchScreen.storyboard;
			sourceTree = "<group>";
		};
/* End PBXVariantGroup section */

/* Begin XCBuildConfiguration section */
		D258B5222BE5922A00573582 /* Debug */ = {
			isa = XCBuildConfiguration;
			buildSettings = {
				ALWAYS_SEARCH_USER_PATHS = NO;
				CLANG_ANALYZER_NONNULL = YES;
				CLANG_ANALYZER_NUMBER_OBJECT_CONVERSION = YES_AGGRESSIVE;
				CLANG_CXX_LANGUAGE_STANDARD = "gnu++20";
				CLANG_ENABLE_MODULES = YES;
				CLANG_ENABLE_OBJC_ARC = YES;
				CLANG_ENABLE_OBJC_WEAK = YES;
				CLANG_WARN_BLOCK_CAPTURE_AUTORELEASING = YES;
				CLANG_WARN_BOOL_CONVERSION = YES;
				CLANG_WARN_COMMA = YES;
				CLANG_WARN_CONSTANT_CONVERSION = YES;
				CLANG_WARN_DEPRECATED_OBJC_IMPLEMENTATIONS = YES;
				CLANG_WARN_DIRECT_OBJC_ISA_USAGE = YES_ERROR;
				CLANG_WARN_DOCUMENTATION_COMMENTS = YES;
				CLANG_WARN_EMPTY_BODY = YES;
				CLANG_WARN_ENUM_CONVERSION = YES;
				CLANG_WARN_INFINITE_RECURSION = YES;
				CLANG_WARN_INT_CONVERSION = YES;
				CLANG_WARN_NON_LITERAL_NULL_CONVERSION = YES;
				CLANG_WARN_OBJC_IMPLICIT_RETAIN_SELF = YES;
				CLANG_WARN_OBJC_LITERAL_CONVERSION = YES;
				CLANG_WARN_OBJC_ROOT_CLASS = YES_ERROR;
				CLANG_WARN_QUOTED_INCLUDE_IN_FRAMEWORK_HEADER = YES;
				CLANG_WARN_RANGE_LOOP_ANALYSIS = YES;
				CLANG_WARN_STRICT_PROTOTYPES = YES;
				CLANG_WARN_SUSPICIOUS_MOVE = YES;
				CLANG_WARN_UNGUARDED_AVAILABILITY = YES_AGGRESSIVE;
				CLANG_WARN_UNREACHABLE_CODE = YES;
				CLANG_WARN__DUPLICATE_METHOD_MATCH = YES;
				COPY_PHASE_STRIP = NO;
				DEBUG_INFORMATION_FORMAT = dwarf;
				ENABLE_STRICT_OBJC_MSGSEND = YES;
				ENABLE_TESTABILITY = YES;
				GCC_C_LANGUAGE_STANDARD = gnu11;
				GCC_DYNAMIC_NO_PIC = NO;
				GCC_NO_COMMON_BLOCKS = YES;
				GCC_OPTIMIZATION_LEVEL = 0;
				GCC_PREPROCESSOR_DEFINITIONS = (
					"DEBUG=1",
					"$(inherited)",
				);
				GCC_WARN_64_TO_32_BIT_CONVERSION = YES;
				GCC_WARN_ABOUT_RETURN_TYPE = YES_ERROR;
				GCC_WARN_UNDECLARED_SELECTOR = YES;
				GCC_WARN_UNINITIALIZED_AUTOS = YES_AGGRESSIVE;
				GCC_WARN_UNUSED_FUNCTION = YES;
				GCC_WARN_UNUSED_VARIABLE = YES;
				IPHONEOS_DEPLOYMENT_TARGET = 16.2;
				MTL_ENABLE_DEBUG_INFO = INCLUDE_SOURCE;
				MTL_FAST_MATH = YES;
				ONLY_ACTIVE_ARCH = YES;
				SDKROOT = iphoneos;
				SWIFT_ACTIVE_COMPILATION_CONDITIONS = DEBUG;
				SWIFT_OPTIMIZATION_LEVEL = "-Onone";
			};
			name = Debug;
		};
		D258B5232BE5922A00573582 /* Release */ = {
			isa = XCBuildConfiguration;
			buildSettings = {
				ALWAYS_SEARCH_USER_PATHS = NO;
				CLANG_ANALYZER_NONNULL = YES;
				CLANG_ANALYZER_NUMBER_OBJECT_CONVERSION = YES_AGGRESSIVE;
				CLANG_CXX_LANGUAGE_STANDARD = "gnu++20";
				CLANG_ENABLE_MODULES = YES;
				CLANG_ENABLE_OBJC_ARC = YES;
				CLANG_ENABLE_OBJC_WEAK = YES;
				CLANG_WARN_BLOCK_CAPTURE_AUTORELEASING = YES;
				CLANG_WARN_BOOL_CONVERSION = YES;
				CLANG_WARN_COMMA = YES;
				CLANG_WARN_CONSTANT_CONVERSION = YES;
				CLANG_WARN_DEPRECATED_OBJC_IMPLEMENTATIONS = YES;
				CLANG_WARN_DIRECT_OBJC_ISA_USAGE = YES_ERROR;
				CLANG_WARN_DOCUMENTATION_COMMENTS = YES;
				CLANG_WARN_EMPTY_BODY = YES;
				CLANG_WARN_ENUM_CONVERSION = YES;
				CLANG_WARN_INFINITE_RECURSION = YES;
				CLANG_WARN_INT_CONVERSION = YES;
				CLANG_WARN_NON_LITERAL_NULL_CONVERSION = YES;
				CLANG_WARN_OBJC_IMPLICIT_RETAIN_SELF = YES;
				CLANG_WARN_OBJC_LITERAL_CONVERSION = YES;
				CLANG_WARN_OBJC_ROOT_CLASS = YES_ERROR;
				CLANG_WARN_QUOTED_INCLUDE_IN_FRAMEWORK_HEADER = YES;
				CLANG_WARN_RANGE_LOOP_ANALYSIS = YES;
				CLANG_WARN_STRICT_PROTOTYPES = YES;
				CLANG_WARN_SUSPICIOUS_MOVE = YES;
				CLANG_WARN_UNGUARDED_AVAILABILITY = YES_AGGRESSIVE;
				CLANG_WARN_UNREACHABLE_CODE = YES;
				CLANG_WARN__DUPLICATE_METHOD_MATCH = YES;
				COPY_PHASE_STRIP = NO;
				DEBUG_INFORMATION_FORMAT = "dwarf-with-dsym";
				ENABLE_NS_ASSERTIONS = NO;
				ENABLE_STRICT_OBJC_MSGSEND = YES;
				GCC_C_LANGUAGE_STANDARD = gnu11;
				GCC_NO_COMMON_BLOCKS = YES;
				GCC_WARN_64_TO_32_BIT_CONVERSION = YES;
				GCC_WARN_ABOUT_RETURN_TYPE = YES_ERROR;
				GCC_WARN_UNDECLARED_SELECTOR = YES;
				GCC_WARN_UNINITIALIZED_AUTOS = YES_AGGRESSIVE;
				GCC_WARN_UNUSED_FUNCTION = YES;
				GCC_WARN_UNUSED_VARIABLE = YES;
				IPHONEOS_DEPLOYMENT_TARGET = 16.2;
				MTL_ENABLE_DEBUG_INFO = NO;
				MTL_FAST_MATH = YES;
				SDKROOT = iphoneos;
				SWIFT_COMPILATION_MODE = wholemodule;
				SWIFT_OPTIMIZATION_LEVEL = "-O";
				VALIDATE_PRODUCT = YES;
			};
			name = Release;
		};
		D258B5252BE5922A00573582 /* Debug */ = {
			isa = XCBuildConfiguration;
			buildSettings = {
				ASSETCATALOG_COMPILER_APPICON_NAME = AppIcon;
				ASSETCATALOG_COMPILER_GLOBAL_ACCENT_COLOR_NAME = AccentColor;
				CODE_SIGN_STYLE = Automatic;
				CURRENT_PROJECT_VERSION = 1;
				GENERATE_INFOPLIST_FILE = YES;
				INFOPLIST_FILE = TicTacToe/Info.plist;
				INFOPLIST_KEY_UIApplicationSupportsIndirectInputEvents = YES;
				INFOPLIST_KEY_UILaunchStoryboardName = LaunchScreen;
				INFOPLIST_KEY_UIMainStoryboardFile = Main;
				INFOPLIST_KEY_UISupportedInterfaceOrientations = UIInterfaceOrientationPortrait;
				LD_RUNPATH_SEARCH_PATHS = (
					"$(inherited)",
					"@executable_path/Frameworks",
				);
				MARKETING_VERSION = 1.0;
				PRODUCT_BUNDLE_IDENTIFIER = com.scott.TicTacToe;
				PRODUCT_NAME = "$(TARGET_NAME)";
				SWIFT_EMIT_LOC_STRINGS = YES;
				SWIFT_VERSION = 5.0;
				TARGETED_DEVICE_FAMILY = "1,2";
			};
			name = Debug;
		};
		D258B5262BE5922A00573582 /* Release */ = {
			isa = XCBuildConfiguration;
			buildSettings = {
				ASSETCATALOG_COMPILER_APPICON_NAME = AppIcon;
				ASSETCATALOG_COMPILER_GLOBAL_ACCENT_COLOR_NAME = AccentColor;
				CODE_SIGN_STYLE = Automatic;
				CURRENT_PROJECT_VERSION = 1;
				GENERATE_INFOPLIST_FILE = YES;
				INFOPLIST_FILE = TicTacToe/Info.plist;
				INFOPLIST_KEY_UIApplicationSupportsIndirectInputEvents = YES;
				INFOPLIST_KEY_UILaunchStoryboardName = LaunchScreen;
				INFOPLIST_KEY_UIMainStoryboardFile = Main;
				INFOPLIST_KEY_UISupportedInterfaceOrientations = UIInterfaceOrientationPortrait;
				LD_RUNPATH_SEARCH_PATHS = (
					"$(inherited)",
					"@executable_path/Frameworks",
				);
				MARKETING_VERSION = 1.0;
				PRODUCT_BUNDLE_IDENTIFIER = com.scott.TicTacToe;
				PRODUCT_NAME = "$(TARGET_NAME)";
				SWIFT_EMIT_LOC_STRINGS = YES;
				SWIFT_VERSION = 5.0;
				TARGETED_DEVICE_FAMILY = "1,2";
			};
			name = Release;
		};
		D258B5282BE5922A00573582 /* Debug */ = {
			isa = XCBuildConfiguration;
			buildSettings = {
				ALWAYS_EMBED_SWIFT_STANDARD_LIBRARIES = YES;
				BUNDLE_LOADER = "$(TEST_HOST)";
				CODE_SIGN_STYLE = Automatic;
				CURRENT_PROJECT_VERSION = 1;
				GENERATE_INFOPLIST_FILE = YES;
				IPHONEOS_DEPLOYMENT_TARGET = 16.2;
				MARKETING_VERSION = 1.0;
				PRODUCT_BUNDLE_IDENTIFIER = com.scott.TicTacToeTests;
				PRODUCT_NAME = "$(TARGET_NAME)";
				SWIFT_EMIT_LOC_STRINGS = NO;
				SWIFT_VERSION = 5.0;
				TARGETED_DEVICE_FAMILY = "1,2";
				TEST_HOST = "$(BUILT_PRODUCTS_DIR)/TicTacToe.app/$(BUNDLE_EXECUTABLE_FOLDER_PATH)/TicTacToe";
			};
			name = Debug;
		};
		D258B5292BE5922A00573582 /* Release */ = {
			isa = XCBuildConfiguration;
			buildSettings = {
				ALWAYS_EMBED_SWIFT_STANDARD_LIBRARIES = YES;
				BUNDLE_LOADER = "$(TEST_HOST)";
				CODE_SIGN_STYLE = Automatic;
				CURRENT_PROJECT_VERSION = 1;
				GENERATE_INFOPLIST_FILE = YES;
				IPHONEOS_DEPLOYMENT_TARGET = 16.2;
				MARKETING_VERSION = 1.0;
				PRODUCT_BUNDLE_IDENTIFIER = com.scott.TicTacToeTests;
				PRODUCT_NAME = "$(TARGET_NAME)";
				SWIFT_EMIT_LOC_STRINGS = NO;
				SWIFT_VERSION = 5.0;
				TARGETED_DEVICE_FAMILY = "1,2";
				TEST_HOST = "$(BUILT_PRODUCTS_DIR)/TicTacToe.app/$(BUNDLE_EXECUTABLE_FOLDER_PATH)/TicTacToe";
			};
			name = Release;
		};
		D258B52B2BE5922A00573582 /* Debug */ = {
			isa = XCBuildConfiguration;
			buildSettings = {
				ALWAYS_EMBED_SWIFT_STANDARD_LIBRARIES = YES;
				CODE_SIGN_STYLE = Automatic;
				CURRENT_PROJECT_VERSION = 1;
				GENERATE_INFOPLIST_FILE = YES;
				MARKETING_VERSION = 1.0;
				PRODUCT_BUNDLE_IDENTIFIER = com.scott.TicTacToeUITests;
				PRODUCT_NAME = "$(TARGET_NAME)";
				SWIFT_EMIT_LOC_STRINGS = NO;
				SWIFT_VERSION = 5.0;
				TARGETED_DEVICE_FAMILY = "1,2";
				TEST_TARGET_NAME = TicTacToe;
			};
			name = Debug;
		};
		D258B52C2BE5922A00573582 /* Release */ = {
			isa = XCBuildConfiguration;
			buildSettings = {
				ALWAYS_EMBED_SWIFT_STANDARD_LIBRARIES = YES;
				CODE_SIGN_STYLE = Automatic;
				CURRENT_PROJECT_VERSION = 1;
				GENERATE_INFOPLIST_FILE = YES;
				MARKETING_VERSION = 1.0;
				PRODUCT_BUNDLE_IDENTIFIER = com.scott.TicTacToeUITests;
				PRODUCT_NAME = "$(TARGET_NAME)";
				SWIFT_EMIT_LOC_STRINGS = NO;
				SWIFT_VERSION = 5.0;
				TARGETED_DEVICE_FAMILY = "1,2";
				TEST_TARGET_NAME = TicTacToe;
			};
			name = Release;
		};
/* End XCBuildConfiguration section */

/* Begin XCConfigurationList section */
		D258B4F52BE5922A00573582 /* Build configuration list for PBXProject "TicTacToe" */ = {
			isa = XCConfigurationList;
			buildConfigurations = (
				D258B5222BE5922A00573582 /* Debug */,
				D258B5232BE5922A00573582 /* Release */,
			);
			defaultConfigurationIsVisible = 0;
			defaultConfigurationName = Release;
		};
		D258B5242BE5922A00573582 /* Build configuration list for PBXNativeTarget "TicTacToe" */ = {
			isa = XCConfigurationList;
			buildConfigurations = (
				D258B5252BE5922A00573582 /* Debug */,
				D258B5262BE5922A00573582 /* Release */,
			);
			defaultConfigurationIsVisible = 0;
			defaultConfigurationName = Release;
		};
		D258B5272BE5922A00573582 /* Build configuration list for PBXNativeTarget "TicTacToeTests" */ = {
			isa = XCConfigurationList;
			buildConfigurations = (
				D258B5282BE5922A00573582 /* Debug */,
				D258B5292BE5922A00573582 /* Release */,
			);
			defaultConfigurationIsVisible = 0;
			defaultConfigurationName = Release;
		};
		D258B52A2BE5922A00573582 /* Build configuration list for PBXNativeTarget "TicTacToeUITests" */ = {
			isa = XCConfigurationList;
			buildConfigurations = (
				D258B52B2BE5922A00573582 /* Debug */,
				D258B52C2BE5922A00573582 /* Release */,
			);
			defaultConfigurationIsVisible = 0;
			defaultConfigurationName = Release;
		};
/* End XCConfigurationList section */
	};
	rootObject = D258B4F22BE5922A00573582 /* Project object */;
}
